
Microsoft Visual Studio Solution File, Format Version 12.00
# Visual Studio 15
VisualStudioVersion = 15.0.27130.2020
MinimumVisualStudioVersion = 10.0.40219.1
Project("{8BC9CEB8-8B4A-11D0-8D11-00A0C91BC942}") = "IceMeme", "IceMeme\IceMeme.vcxproj", "{4A3315CF-A824-41DA-942A-213B9075E985}"
EndProject
Project("{FAE04EC0-301F-11D3-BF4B-00C04F79EFBC}") = "IceMemeUI", "IceMemeUI\IceMemeUI.csproj", "{D736F591-0CA9-456F-A86B-58F836E151F7}"
EndProject
Global
	GlobalSection(SolutionConfigurationPlatforms) = preSolution
		Debug|Any CPU = Debug|Any CPU
		Debug|x64 = Debug|x64
		Debug|x86 = Debug|x86
		Release|Any CPU = Release|Any CPU
		Release|x64 = Release|x64
		Release|x86 = Release|x86
	EndGlobalSection
	GlobalSection(ProjectConfigurationPlatforms) = postSolution
		{4A3315CF-A824-41DA-942A-213B9075E985}.Debug|Any CPU.ActiveCfg = Debug|Win32
		{4A3315CF-A824-41DA-942A-213B9075E985}.Debug|x64.ActiveCfg = Debug|x64
		{4A3315CF-A824-41DA-942A-213B9075E985}.Debug|x64.Build.0 = Debug|x64
		{4A3315CF-A824-41DA-942A-213B9075E985}.Debug|x86.ActiveCfg = Debug|Win32
		{4A3315CF-A824-41DA-942A-213B9075E985}.Debug|x86.Build.0 = Debug|Win32
		{4A3315CF-A824-41DA-942A-213B9075E985}.Release|Any CPU.ActiveCfg = Release|Win32
		{4A3315CF-A824-41DA-942A-213B9075E985}.Release|x64.ActiveCfg = Release|x64
		{4A3315CF-A824-41DA-942A-213B9075E985}.Release|x64.Build.0 = Release|x64
		{4A3315CF-A824-41DA-942A-213B9075E985}.Release|x86.ActiveCfg = Release|Win32
		{4A3315CF-A824-41DA-942A-213B9075E985}.Release|x86.Build.0 = Release|Win32
		{D736F591-0CA9-456F-A86B-58F836E151F7}.Debug|Any CPU.ActiveCfg = Debug|Any CPU
		{D736F591-0CA9-456F-A86B-58F836E151F7}.Debug|Any CPU.Build.0 = Debug|Any CPU
		{D736F591-0CA9-456F-A86B-58F836E151F7}.Debug|x64.ActiveCfg = Debug|Any CPU
		{D736F591-0CA9-456F-A86B-58F836E151F7}.Debug|x64.Build.0 = Debug|Any CPU
		{D736F591-0CA9-456F-A86B-58F836E151F7}.Debug|x86.ActiveCfg = Debug|Any CPU
		{D736F591-0CA9-456F-A86B-58F836E151F7}.Debug|x86.Build.0 = Debug|Any CPU
		{D736F591-0CA9-456F-A86B-58F836E151F7}.Release|Any CPU.ActiveCfg = Release|Any CPU
		{D736F591-0CA9-456F-A86B-58F836E151F7}.Release|Any CPU.Build.0 = Release|Any CPU
		{D736F591-0CA9-456F-A86B-58F836E151F7}.Release|x64.ActiveCfg = Release|Any CPU
		{D736F591-0CA9-456F-A86B-58F836E151F7}.Release|x64.Build.0 = Release|Any CPU
		{D736F591-0CA9-456F-A86B-58F836E151F7}.Release|x86.ActiveCfg = Release|x86
		{D736F591-0CA9-456F-A86B-58F836E151F7}.Release|x86.Build.0 = Release|x86
	EndGlobalSection
	GlobalSection(SolutionProperties) = preSolution
		HideSolutionNode = FALSE
	EndGlobalSection
	GlobalSection(ExtensibilityGlobals) = postSolution
		SolutionGuid = {EF5EE102-82DD-41E7-A55F-C63042EC9AE4}
	EndGlobalSection
EndGlobal
